{"version":4,"terraform_version":"1.10.6","serial":5,"lineage":"eaa291e7-b1fc-d990-bd28-e89bf1f2fa80","outputs":{},"resources":[{"module":"module.sample_app_1","mode":"managed","type":"aws_instance","name":"sample_app","provider":"module.sample_app_1.provider[\"registry.opentofu.org/hashicorp/aws\"]","instances":[{"schema_version":2,"attributes":{"ami":"ami-0b6c1518053a48192","arn":"arn:aws:ec2:us-east-2:837526330719:instance/i-0ac94cf64d13f4a7c","associate_public_ip_address":true,"availability_zone":"us-east-2c","capacity_reservation_specification":[{"capacity_reservation_preference":"open","capacity_reservation_target":[]}],"cpu_options":[{"amd_sev_snp":"","core_count":1,"threads_per_core":2}],"credit_specification":[{"cpu_credits":"unlimited"}],"disable_api_stop":false,"disable_api_termination":false,"ebs_block_device":[],"ebs_optimized":false,"enable_primary_ipv6":null,"enclave_options":[{"enabled":false}],"ephemeral_block_device":[],"force_destroy":false,"get_password_data":false,"hibernation":false,"host_id":"","host_resource_group_arn":null,"iam_instance_profile":"","id":"i-0ac94cf64d13f4a7c","instance_initiated_shutdown_behavior":"stop","instance_lifecycle":"","instance_market_options":[],"instance_state":"running","instance_type":"t3.micro","ipv6_address_count":0,"ipv6_addresses":[],"key_name":"","launch_template":[],"maintenance_options":[{"auto_recovery":"default"}],"metadata_options":[{"http_endpoint":"enabled","http_protocol_ipv6":"disabled","http_put_response_hop_limit":2,"http_tokens":"required","instance_metadata_tags":"disabled"}],"monitoring":false,"network_interface":[],"outpost_arn":"","password_data":"","placement_group":"","placement_group_id":"","placement_partition_number":0,"primary_network_interface":[{"delete_on_termination":true,"network_interface_id":"eni-08cc89af82083edd8"}],"primary_network_interface_id":"eni-08cc89af82083edd8","private_dns":"ip-172-31-45-116.us-east-2.compute.internal","private_dns_name_options":[{"enable_resource_name_dns_a_record":false,"enable_resource_name_dns_aaaa_record":false,"hostname_type":"ip-name"}],"private_ip":"172.31.45.116","public_dns":"ec2-18-223-33-181.us-east-2.compute.amazonaws.com","public_ip":"18.223.33.181","region":"us-east-2","root_block_device":[{"delete_on_termination":true,"device_name":"/dev/xvda","encrypted":false,"iops":3000,"kms_key_id":"","tags":{},"tags_all":{},"throughput":125,"volume_id":"vol-074d3093d03d57950","volume_size":8,"volume_type":"gp3"}],"secondary_private_ips":[],"security_groups":["sample-app-tofu-1"],"source_dest_check":true,"spot_instance_request_id":"","subnet_id":"subnet-0e1929616347c159d","tags":{"Name":"sample-app-tofu-1"},"tags_all":{"Name":"sample-app-tofu-1"},"tenancy":"default","timeouts":null,"user_data":"#!/usr/bin/env bash \nnohup node /home/ec2-user/app.js \u0026\n","user_data_base64":null,"user_data_replace_on_change":false,"volume_tags":null,"vpc_security_group_ids":["sg-09d7db3acce13143d"]},"sensitive_attributes":[],"private":"eyJlMmJmYjczMC1lY2FhLTExZTYtOGY4OC0zNDM2M2JjN2M0YzAiOnsiY3JlYXRlIjo2MDAwMDAwMDAwMDAsImRlbGV0ZSI6MTIwMDAwMDAwMDAwMCwicmVhZCI6OTAwMDAwMDAwMDAwLCJ1cGRhdGUiOjYwMDAwMDAwMDAwMH0sInNjaGVtYV92ZXJzaW9uIjoiMiJ9","dependencies":["module.sample_app_1.aws_security_group.sample_app"]}]},{"module":"module.sample_app_1","mode":"managed","type":"aws_security_group","name":"sample_app","provider":"module.sample_app_1.provider[\"registry.opentofu.org/hashicorp/aws\"]","instances":[{"schema_version":1,"attributes":{"arn":"arn:aws:ec2:us-east-2:837526330719:security-group/sg-09d7db3acce13143d","description":"Allow HTTP traffic into the sample app","egress":[],"id":"sg-09d7db3acce13143d","ingress":[{"cidr_blocks":["0.0.0.0/0"],"description":"","from_port":8080,"ipv6_cidr_blocks":[],"prefix_list_ids":[],"protocol":"tcp","security_groups":[],"self":false,"to_port":8080}],"name":"sample-app-tofu-1","name_prefix":"","owner_id":"837526330719","region":"us-east-2","revoke_rules_on_delete":false,"tags":{},"tags_all":{},"timeouts":null,"vpc_id":"vpc-0d369819d504960eb"},"sensitive_attributes":[],"private":"eyJlMmJmYjczMC1lY2FhLTExZTYtOGY4OC0zNDM2M2JjN2M0YzAiOnsiY3JlYXRlIjo2MDAwMDAwMDAwMDAsImRlbGV0ZSI6OTAwMDAwMDAwMDAwfSwic2NoZW1hX3ZlcnNpb24iOiIxIn0="}]},{"module":"module.sample_app_1","mode":"managed","type":"aws_security_group_rule","name":"allow_http_inbound","provider":"module.sample_app_1.provider[\"registry.opentofu.org/hashicorp/aws\"]","instances":[{"schema_version":2,"attributes":{"cidr_blocks":["0.0.0.0/0"],"description":null,"from_port":8081,"id":"sgrule-4189079431","ipv6_cidr_blocks":null,"prefix_list_ids":null,"protocol":"tcp","region":"us-east-2","security_group_id":"sg-09d7db3acce13143d","security_group_rule_id":"sgr-0304959e9c7ea7bcf","self":false,"source_security_group_id":null,"timeouts":null,"to_port":8081,"type":"ingress"},"sensitive_attributes":[],"private":"eyJlMmJmYjczMC1lY2FhLTExZTYtOGY4OC0zNDM2M2JjN2M0YzAiOnsiY3JlYXRlIjozMDAwMDAwMDAwMDB9LCJzY2hlbWFfdmVyc2lvbiI6IjIifQ==","dependencies":["module.sample_app_1.aws_security_group.sample_app"]}]},{"module":"module.sample_app_2","mode":"managed","type":"aws_instance","name":"sample_app","provider":"module.sample_app_2.provider[\"registry.opentofu.org/hashicorp/aws\"]","instances":[{"schema_version":2,"attributes":{"ami":"ami-0b6c1518053a48192","arn":"arn:aws:ec2:us-east-2:837526330719:instance/i-0b20ef583a37d060c","associate_public_ip_address":true,"availability_zone":"us-east-2c","capacity_reservation_specification":[{"capacity_reservation_preference":"open","capacity_reservation_target":[]}],"cpu_options":[{"amd_sev_snp":"","core_count":1,"threads_per_core":2}],"credit_specification":[{"cpu_credits":"unlimited"}],"disable_api_stop":false,"disable_api_termination":false,"ebs_block_device":[],"ebs_optimized":false,"enable_primary_ipv6":null,"enclave_options":[{"enabled":false}],"ephemeral_block_device":[],"force_destroy":false,"get_password_data":false,"hibernation":false,"host_id":"","host_resource_group_arn":null,"iam_instance_profile":"","id":"i-0b20ef583a37d060c","instance_initiated_shutdown_behavior":"stop","instance_lifecycle":"","instance_market_options":[],"instance_state":"running","instance_type":"t3.micro","ipv6_address_count":0,"ipv6_addresses":[],"key_name":"","launch_template":[],"maintenance_options":[{"auto_recovery":"default"}],"metadata_options":[{"http_endpoint":"enabled","http_protocol_ipv6":"disabled","http_put_response_hop_limit":2,"http_tokens":"required","instance_metadata_tags":"disabled"}],"monitoring":false,"network_interface":[],"outpost_arn":"","password_data":"","placement_group":"","placement_group_id":"","placement_partition_number":0,"primary_network_interface":[{"delete_on_termination":true,"network_interface_id":"eni-02366a0a278caff1c"}],"primary_network_interface_id":"eni-02366a0a278caff1c","private_dns":"ip-172-31-34-213.us-east-2.compute.internal","private_dns_name_options":[{"enable_resource_name_dns_a_record":false,"enable_resource_name_dns_aaaa_record":false,"hostname_type":"ip-name"}],"private_ip":"172.31.34.213","public_dns":"ec2-18-220-242-88.us-east-2.compute.amazonaws.com","public_ip":"18.220.242.88","region":"us-east-2","root_block_device":[{"delete_on_termination":true,"device_name":"/dev/xvda","encrypted":false,"iops":3000,"kms_key_id":"","tags":{},"tags_all":{},"throughput":125,"volume_id":"vol-0b7ee334229eefe29","volume_size":8,"volume_type":"gp3"}],"secondary_private_ips":[],"security_groups":["sample-app-tofu-2"],"source_dest_check":true,"spot_instance_request_id":"","subnet_id":"subnet-0e1929616347c159d","tags":{"Name":"sample-app-tofu-2"},"tags_all":{"Name":"sample-app-tofu-2"},"tenancy":"default","timeouts":null,"user_data":"#!/usr/bin/env bash \nnohup node /home/ec2-user/app.js \u0026\n","user_data_base64":null,"user_data_replace_on_change":false,"volume_tags":null,"vpc_security_group_ids":["sg-076a27cd75fdd6ac4"]},"sensitive_attributes":[],"private":"eyJlMmJmYjczMC1lY2FhLTExZTYtOGY4OC0zNDM2M2JjN2M0YzAiOnsiY3JlYXRlIjo2MDAwMDAwMDAwMDAsImRlbGV0ZSI6MTIwMDAwMDAwMDAwMCwicmVhZCI6OTAwMDAwMDAwMDAwLCJ1cGRhdGUiOjYwMDAwMDAwMDAwMH0sInNjaGVtYV92ZXJzaW9uIjoiMiJ9","dependencies":["module.sample_app_2.aws_security_group.sample_app"]}]},{"module":"module.sample_app_2","mode":"managed","type":"aws_security_group","name":"sample_app","provider":"module.sample_app_2.provider[\"registry.opentofu.org/hashicorp/aws\"]","instances":[{"schema_version":1,"attributes":{"arn":"arn:aws:ec2:us-east-2:837526330719:security-group/sg-076a27cd75fdd6ac4","description":"Allow HTTP traffic into the sample app","egress":[],"id":"sg-076a27cd75fdd6ac4","ingress":[{"cidr_blocks":["0.0.0.0/0"],"description":"","from_port":8080,"ipv6_cidr_blocks":[],"prefix_list_ids":[],"protocol":"tcp","security_groups":[],"self":false,"to_port":8080}],"name":"sample-app-tofu-2","name_prefix":"","owner_id":"837526330719","region":"us-east-2","revoke_rules_on_delete":false,"tags":{},"tags_all":{},"timeouts":null,"vpc_id":"vpc-0d369819d504960eb"},"sensitive_attributes":[],"private":"eyJlMmJmYjczMC1lY2FhLTExZTYtOGY4OC0zNDM2M2JjN2M0YzAiOnsiY3JlYXRlIjo2MDAwMDAwMDAwMDAsImRlbGV0ZSI6OTAwMDAwMDAwMDAwfSwic2NoZW1hX3ZlcnNpb24iOiIxIn0="}]},{"module":"module.sample_app_2","mode":"managed","type":"aws_security_group_rule","name":"allow_http_inbound","provider":"module.sample_app_2.provider[\"registry.opentofu.org/hashicorp/aws\"]","instances":[{"schema_version":2,"attributes":{"cidr_blocks":["0.0.0.0/0"],"description":null,"from_port":8082,"id":"sgrule-146958577","ipv6_cidr_blocks":null,"prefix_list_ids":null,"protocol":"tcp","region":"us-east-2","security_group_id":"sg-076a27cd75fdd6ac4","security_group_rule_id":"sgr-0277d2540a1b24b75","self":false,"source_security_group_id":null,"timeouts":null,"to_port":8082,"type":"ingress"},"sensitive_attributes":[],"private":"eyJlMmJmYjczMC1lY2FhLTExZTYtOGY4OC0zNDM2M2JjN2M0YzAiOnsiY3JlYXRlIjozMDAwMDAwMDAwMDB9LCJzY2hlbWFfdmVyc2lvbiI6IjIifQ==","dependencies":["module.sample_app_2.aws_security_group.sample_app"]}]}],"check_results":null}
